
Microsoft Visual Studio Solution File, Format Version 12.00
# Visual Studio 2012
Project("{FAE04EC0-301F-11D3-BF4B-00C04F79EFBC}") = "zserv", "zserv\zserv.csproj", "{BFF8EA74-2791-4F14-8E8B-AED92927892B}"
EndProject
Global
	GlobalSection(SolutionConfigurationPlatforms) = preSolution
		Debug|x86 = Debug|x86
		Release|x86 = Release|x86
	EndGlobalSection
	GlobalSection(ProjectConfigurationPlatforms) = postSolution
		{BFF8EA74-2791-4F14-8E8B-AED92927892B}.Debug|x86.ActiveCfg = Debug|x86
		{BFF8EA74-2791-4F14-8E8B-AED92927892B}.Debug|x86.Build.0 = Debug|x86
		{BFF8EA74-2791-4F14-8E8B-AED92927892B}.Release|x86.ActiveCfg = Release|x86
		{BFF8EA74-2791-4F14-8E8B-AED92927892B}.Release|x86.Build.0 = Release|x86
	EndGlobalSection
EndGlobal
